github.com/aliakseiM/goTraining v0.0.0-20191118125748-c7f71721e54e h1:DLYwCrFUVF9y+gqxqtDyrgWoIvGenCZ24Q9PavkyCf8=
github.com/google/uuid v1.1.1 h1:Gkbcsh/GbpXz7lPftLA3P6TYMwjCLYm83jiFQZF/3gY=
github.com/google/uuid v1.1.1/go.mod h1:TIyPZe4MgqvfeYDBFedMoGGpEw/LqOeaOT+nhxU+yHo=
github.com/lib/pq v1.2.0 h1:LXpIM/LZ5xGFhOpXAQUIMM1HdyqzVYM13zNdjCEEcA0=
github.com/lib/pq v1.2.0/go.mod h1:5WUZQaWbwv1U+lTReE5YruASi9Al49XbQIvNi/34Woo=
github.com/stevenstr/go_hw v0.0.0-20191113092916-9c251a4623b3 h1:HGblhWuBzzR98+Ffp3nDECgLZ8ztsPg0RlQps1tWZp8=
