# This file is autogenerated, do not edit; changes may be undone by the next 'dep ensure'.


[[projects]]
  name = "github.com/kyokomi/emoji"
  packages = ["."]
  revision = "eba9a9d7bfd64dcfe6e90fb3d53b2f3357a015c3"
  version = "v2.1.0"

[solve-meta]
  analyzer-name = "dep"
  analyzer-version = 1
  inputs-digest = "71069449b6ba6b71425487809492f53066f8a9798445e59facf092d1cd171703"
  solver-name = "gps-cdcl"
  solver-version = 1
